
Microsoft Visual Studio Solution File, Format Version 12.00
# Visual Studio Version 17
VisualStudioVersion = 17.11.35312.102
MinimumVisualStudioVersion = 10.0.40219.1
Project("{FAE04EC0-301F-11D3-BF4B-00C04F79EFBC}") = "E-Space Solution", "E-Space Solution\E-Space Solution.csproj", "{D31CFACC-A259-4A39-BF4D-49CE90ECEC5B}"
EndProject
Global
	GlobalSection(SolutionConfigurationPlatforms) = preSolution
		Debug|Any CPU = Debug|Any CPU
		Release|Any CPU = Release|Any CPU
	EndGlobalSection
	GlobalSection(ProjectConfigurationPlatforms) = postSolution
		{D31CFACC-A259-4A39-BF4D-49CE90ECEC5B}.Debug|Any CPU.ActiveCfg = Debug|Any CPU
		{D31CFACC-A259-4A39-BF4D-49CE90ECEC5B}.Debug|Any CPU.Build.0 = Debug|Any CPU
		{D31CFACC-A259-4A39-BF4D-49CE90ECEC5B}.Release|Any CPU.ActiveCfg = Release|Any CPU
		{D31CFACC-A259-4A39-BF4D-49CE90ECEC5B}.Release|Any CPU.Build.0 = Release|Any CPU
	EndGlobalSection
	GlobalSection(SolutionProperties) = preSolution
		HideSolutionNode = FALSE
	EndGlobalSection
	GlobalSection(ExtensibilityGlobals) = postSolution
		SolutionGuid = {677CD369-3063-453B-A3EE-7CDFC4225FB5}
	EndGlobalSection
EndGlobal
